lockfileVersion: "6.0"

settings:
    autoInstallPeers: true
    excludeLinksFromLockfile: false

dependencies:
    d3:
        specifier: ^7.9.0
        version: 7.9.0
    focus-trap:
        specifier: ^7.5.4
        version: 7.5.4
    luxon:
        specifier: ^3.4.4
        version: 3.4.4
    pinia:
        specifier: ^2.1.7
        version: 2.1.7(vue@3.4.27)
    sass:
        specifier: ^1.77.0
        version: 1.77.0
    sass-loader:
        specifier: ^14.2.1
        version: 14.2.1(sass@1.77.0)
    three:
        specifier: ^0.164.1
        version: 0.164.1
    three-globe:
        specifier: ^2.31.0
        version: 2.31.0(three@0.164.1)
    uuid:
        specifier: ^9.0.1
        version: 9.0.1
    vue:
        specifier: ^3.4.21
        version: 3.4.27
    vue-router:
        specifier: ^4.3.0
        version: 4.3.2(vue@3.4.27)

devDependencies:
    "@vitejs/plugin-vue":
        specifier: ^5.0.4
        version: 5.0.4(vite@5.2.11)(vue@3.4.27)
    vite:
        specifier: ^5.2.8
        version: 5.2.11(sass@1.77.0)

packages:
    /@babel/helper-string-parser@7.24.1:
        resolution: { integrity: sha512-2ofRCjnnA9y+wk8b9IAREroeUP02KHp431N2mhKniy2yKIDKpbrHv9eXwm8cBeWQYcJmzv5qKCu65P47eCF7CQ== }
        engines: { node: ">=6.9.0" }

    /@babel/helper-validator-identifier@7.24.5:
        resolution: { integrity: sha512-3q93SSKX2TWCG30M2G2kwaKeTYgEUp5Snjuj8qm729SObL6nbtUldAi37qbxkD5gg3xnBio+f9nqpSepGZMvxA== }
        engines: { node: ">=6.9.0" }

    /@babel/parser@7.24.5:
        resolution: { integrity: sha512-EOv5IK8arwh3LI47dz1b0tKUb/1uhHAnHJOrjgtQMIpu1uXd9mlFrJg9IUgGUgZ41Ch0K8REPTYpO7B76b4vJg== }
        engines: { node: ">=6.0.0" }
        hasBin: true
        dependencies:
            "@babel/types": 7.24.5

    /@babel/types@7.24.5:
        resolution: { integrity: sha512-6mQNsaLeXTw0nxYUYu+NSa4Hx4BlF1x1x8/PMFbiR+GBSr+2DkECc69b8hgy2frEodNcvPffeH8YfWd3LI6jhQ== }
        engines: { node: ">=6.9.0" }
        dependencies:
            "@babel/helper-string-parser": 7.24.1
            "@babel/helper-validator-identifier": 7.24.5
            to-fast-properties: 2.0.0

    /@esbuild/aix-ppc64@0.20.2:
        resolution: { integrity: sha512-D+EBOJHXdNZcLJRBkhENNG8Wji2kgc9AZ9KiPr1JuZjsNtyHzrsfLRrY0tk2H2aoFu6RANO1y1iPPUCDYWkb5g== }
        engines: { node: ">=12" }
        cpu: [ppc64]
        os: [aix]
        requiresBuild: true
        dev: true
        optional: true

    /@esbuild/android-arm64@0.20.2:
        resolution: { integrity: sha512-mRzjLacRtl/tWU0SvD8lUEwb61yP9cqQo6noDZP/O8VkwafSYwZ4yWy24kan8jE/IMERpYncRt2dw438LP3Xmg== }
        engines: { node: ">=12" }
        cpu: [arm64]
        os: [android]
        requiresBuild: true
        dev: true
        optional: true

    /@esbuild/android-arm@0.20.2:
        resolution: { integrity: sha512-t98Ra6pw2VaDhqNWO2Oph2LXbz/EJcnLmKLGBJwEwXX/JAN83Fym1rU8l0JUWK6HkIbWONCSSatf4sf2NBRx/w== }
        engines: { node: ">=12" }
        cpu: [arm]
        os: [android]
        requiresBuild: true
        dev: true
        optional: true

    /@esbuild/android-x64@0.20.2:
        resolution: { integrity: sha512-btzExgV+/lMGDDa194CcUQm53ncxzeBrWJcncOBxuC6ndBkKxnHdFJn86mCIgTELsooUmwUm9FkhSp5HYu00Rg== }
        engines: { node: ">=12" }
        cpu: [x64]
        os: [android]
        requiresBuild: true
        dev: true
        optional: true

    /@esbuild/darwin-arm64@0.20.2:
        resolution: { integrity: sha512-4J6IRT+10J3aJH3l1yzEg9y3wkTDgDk7TSDFX+wKFiWjqWp/iCfLIYzGyasx9l0SAFPT1HwSCR+0w/h1ES/MjA== }
        engines: { node: ">=12" }
        cpu: [arm64]
        os: [darwin]
        requiresBuild: true
        dev: true
        optional: true

    /@esbuild/darwin-x64@0.20.2:
        resolution: { integrity: sha512-tBcXp9KNphnNH0dfhv8KYkZhjc+H3XBkF5DKtswJblV7KlT9EI2+jeA8DgBjp908WEuYll6pF+UStUCfEpdysA== }
        engines: { node: ">=12" }
        cpu: [x64]
        os: [darwin]
        requiresBuild: true
        dev: true
        optional: true

    /@esbuild/freebsd-arm64@0.20.2:
        resolution: { integrity: sha512-d3qI41G4SuLiCGCFGUrKsSeTXyWG6yem1KcGZVS+3FYlYhtNoNgYrWcvkOoaqMhwXSMrZRl69ArHsGJ9mYdbbw== }
        engines: { node: ">=12" }
        cpu: [arm64]
        os: [freebsd]
        requiresBuild: true
        dev: true
        optional: true

    /@esbuild/freebsd-x64@0.20.2:
        resolution: { integrity: sha512-d+DipyvHRuqEeM5zDivKV1KuXn9WeRX6vqSqIDgwIfPQtwMP4jaDsQsDncjTDDsExT4lR/91OLjRo8bmC1e+Cw== }
        engines: { node: ">=12" }
        cpu: [x64]
        os: [freebsd]
        requiresBuild: true
        dev: true
        optional: true

    /@esbuild/linux-arm64@0.20.2:
        resolution: { integrity: sha512-9pb6rBjGvTFNira2FLIWqDk/uaf42sSyLE8j1rnUpuzsODBq7FvpwHYZxQ/It/8b+QOS1RYfqgGFNLRI+qlq2A== }
        engines: { node: ">=12" }
        cpu: [arm64]
        os: [linux]
        requiresBuild: true
        dev: true
        optional: true

    /@esbuild/linux-arm@0.20.2:
        resolution: { integrity: sha512-VhLPeR8HTMPccbuWWcEUD1Az68TqaTYyj6nfE4QByZIQEQVWBB8vup8PpR7y1QHL3CpcF6xd5WVBU/+SBEvGTg== }
        engines: { node: ">=12" }
        cpu: [arm]
        os: [linux]
        requiresBuild: true
        dev: true
        optional: true

    /@esbuild/linux-ia32@0.20.2:
        resolution: { integrity: sha512-o10utieEkNPFDZFQm9CoP7Tvb33UutoJqg3qKf1PWVeeJhJw0Q347PxMvBgVVFgouYLGIhFYG0UGdBumROyiig== }
        engines: { node: ">=12" }
        cpu: [ia32]
        os: [linux]
        requiresBuild: true
        dev: true
        optional: true

    /@esbuild/linux-loong64@0.20.2:
        resolution: { integrity: sha512-PR7sp6R/UC4CFVomVINKJ80pMFlfDfMQMYynX7t1tNTeivQ6XdX5r2XovMmha/VjR1YN/HgHWsVcTRIMkymrgQ== }
        engines: { node: ">=12" }
        cpu: [loong64]
        os: [linux]
        requiresBuild: true
        dev: true
        optional: true

    /@esbuild/linux-mips64el@0.20.2:
        resolution: { integrity: sha512-4BlTqeutE/KnOiTG5Y6Sb/Hw6hsBOZapOVF6njAESHInhlQAghVVZL1ZpIctBOoTFbQyGW+LsVYZ8lSSB3wkjA== }
        engines: { node: ">=12" }
        cpu: [mips64el]
        os: [linux]
        requiresBuild: true
        dev: true
        optional: true

    /@esbuild/linux-ppc64@0.20.2:
        resolution: { integrity: sha512-rD3KsaDprDcfajSKdn25ooz5J5/fWBylaaXkuotBDGnMnDP1Uv5DLAN/45qfnf3JDYyJv/ytGHQaziHUdyzaAg== }
        engines: { node: ">=12" }
        cpu: [ppc64]
        os: [linux]
        requiresBuild: true
        dev: true
        optional: true

    /@esbuild/linux-riscv64@0.20.2:
        resolution: { integrity: sha512-snwmBKacKmwTMmhLlz/3aH1Q9T8v45bKYGE3j26TsaOVtjIag4wLfWSiZykXzXuE1kbCE+zJRmwp+ZbIHinnVg== }
        engines: { node: ">=12" }
        cpu: [riscv64]
        os: [linux]
        requiresBuild: true
        dev: true
        optional: true

    /@esbuild/linux-s390x@0.20.2:
        resolution: { integrity: sha512-wcWISOobRWNm3cezm5HOZcYz1sKoHLd8VL1dl309DiixxVFoFe/o8HnwuIwn6sXre88Nwj+VwZUvJf4AFxkyrQ== }
        engines: { node: ">=12" }
        cpu: [s390x]
        os: [linux]
        requiresBuild: true
        dev: true
        optional: true

    /@esbuild/linux-x64@0.20.2:
        resolution: { integrity: sha512-1MdwI6OOTsfQfek8sLwgyjOXAu+wKhLEoaOLTjbijk6E2WONYpH9ZU2mNtR+lZ2B4uwr+usqGuVfFT9tMtGvGw== }
        engines: { node: ">=12" }
        cpu: [x64]
        os: [linux]
        requiresBuild: true
        dev: true
        optional: true

    /@esbuild/netbsd-x64@0.20.2:
        resolution: { integrity: sha512-K8/DhBxcVQkzYc43yJXDSyjlFeHQJBiowJ0uVL6Tor3jGQfSGHNNJcWxNbOI8v5k82prYqzPuwkzHt3J1T1iZQ== }
        engines: { node: ">=12" }
        cpu: [x64]
        os: [netbsd]
        requiresBuild: true
        dev: true
        optional: true

    /@esbuild/openbsd-x64@0.20.2:
        resolution: { integrity: sha512-eMpKlV0SThJmmJgiVyN9jTPJ2VBPquf6Kt/nAoo6DgHAoN57K15ZghiHaMvqjCye/uU4X5u3YSMgVBI1h3vKrQ== }
        engines: { node: ">=12" }
        cpu: [x64]
        os: [openbsd]
        requiresBuild: true
        dev: true
        optional: true

    /@esbuild/sunos-x64@0.20.2:
        resolution: { integrity: sha512-2UyFtRC6cXLyejf/YEld4Hajo7UHILetzE1vsRcGL3earZEW77JxrFjH4Ez2qaTiEfMgAXxfAZCm1fvM/G/o8w== }
        engines: { node: ">=12" }
        cpu: [x64]
        os: [sunos]
        requiresBuild: true
        dev: true
        optional: true

    /@esbuild/win32-arm64@0.20.2:
        resolution: { integrity: sha512-GRibxoawM9ZCnDxnP3usoUDO9vUkpAxIIZ6GQI+IlVmr5kP3zUq+l17xELTHMWTWzjxa2guPNyrpq1GWmPvcGQ== }
        engines: { node: ">=12" }
        cpu: [arm64]
        os: [win32]
        requiresBuild: true
        dev: true
        optional: true

    /@esbuild/win32-ia32@0.20.2:
        resolution: { integrity: sha512-HfLOfn9YWmkSKRQqovpnITazdtquEW8/SoHW7pWpuEeguaZI4QnCRW6b+oZTztdBnZOS2hqJ6im/D5cPzBTTlQ== }
        engines: { node: ">=12" }
        cpu: [ia32]
        os: [win32]
        requiresBuild: true
        dev: true
        optional: true

    /@esbuild/win32-x64@0.20.2:
        resolution: { integrity: sha512-N49X4lJX27+l9jbLKSqZ6bKNjzQvHaT8IIFUy+YIqmXQdjYCToGWwOItDrfby14c78aDd5NHQl29xingXfCdLQ== }
        engines: { node: ">=12" }
        cpu: [x64]
        os: [win32]
        requiresBuild: true
        dev: true
        optional: true

    /@jridgewell/sourcemap-codec@1.4.15:
        resolution: { integrity: sha512-eF2rxCRulEKXHTRiDrDy6erMYWqNw4LPdQ8UQA4huuxaQsVeRPFl2oM8oDGxMFhJUWZf9McpLtJasDDZb/Bpeg== }

    /@rollup/rollup-android-arm-eabi@4.17.2:
        resolution: { integrity: sha512-NM0jFxY8bB8QLkoKxIQeObCaDlJKewVlIEkuyYKm5An1tdVZ966w2+MPQ2l8LBZLjR+SgyV+nRkTIunzOYBMLQ== }
        cpu: [arm]
        os: [android]
        requiresBuild: true
        dev: true
        optional: true

    /@rollup/rollup-android-arm64@4.17.2:
        resolution: { integrity: sha512-yeX/Usk7daNIVwkq2uGoq2BYJKZY1JfyLTaHO/jaiSwi/lsf8fTFoQW/n6IdAsx5tx+iotu2zCJwz8MxI6D/Bw== }
        cpu: [arm64]
        os: [android]
        requiresBuild: true
        dev: true
        optional: true

    /@rollup/rollup-darwin-arm64@4.17.2:
        resolution: { integrity: sha512-kcMLpE6uCwls023+kknm71ug7MZOrtXo+y5p/tsg6jltpDtgQY1Eq5sGfHcQfb+lfuKwhBmEURDga9N0ol4YPw== }
        cpu: [arm64]
        os: [darwin]
        requiresBuild: true
        dev: true
        optional: true

    /@rollup/rollup-darwin-x64@4.17.2:
        resolution: { integrity: sha512-AtKwD0VEx0zWkL0ZjixEkp5tbNLzX+FCqGG1SvOu993HnSz4qDI6S4kGzubrEJAljpVkhRSlg5bzpV//E6ysTQ== }
        cpu: [x64]
        os: [darwin]
        requiresBuild: true
        dev: true
        optional: true

    /@rollup/rollup-linux-arm-gnueabihf@4.17.2:
        resolution: { integrity: sha512-3reX2fUHqN7sffBNqmEyMQVj/CKhIHZd4y631duy0hZqI8Qoqf6lTtmAKvJFYa6bhU95B1D0WgzHkmTg33In0A== }
        cpu: [arm]
        os: [linux]
        requiresBuild: true
        dev: true
        optional: true

    /@rollup/rollup-linux-arm-musleabihf@4.17.2:
        resolution: { integrity: sha512-uSqpsp91mheRgw96xtyAGP9FW5ChctTFEoXP0r5FAzj/3ZRv3Uxjtc7taRQSaQM/q85KEKjKsZuiZM3GyUivRg== }
        cpu: [arm]
        os: [linux]
        requiresBuild: true
        dev: true
        optional: true

    /@rollup/rollup-linux-arm64-gnu@4.17.2:
        resolution: { integrity: sha512-EMMPHkiCRtE8Wdk3Qhtciq6BndLtstqZIroHiiGzB3C5LDJmIZcSzVtLRbwuXuUft1Cnv+9fxuDtDxz3k3EW2A== }
        cpu: [arm64]
        os: [linux]
        requiresBuild: true
        dev: true
        optional: true

    /@rollup/rollup-linux-arm64-musl@4.17.2:
        resolution: { integrity: sha512-NMPylUUZ1i0z/xJUIx6VUhISZDRT+uTWpBcjdv0/zkp7b/bQDF+NfnfdzuTiB1G6HTodgoFa93hp0O1xl+/UbA== }
        cpu: [arm64]
        os: [linux]
        requiresBuild: true
        dev: true
        optional: true

    /@rollup/rollup-linux-powerpc64le-gnu@4.17.2:
        resolution: { integrity: sha512-T19My13y8uYXPw/L/k0JYaX1fJKFT/PWdXiHr8mTbXWxjVF1t+8Xl31DgBBvEKclw+1b00Chg0hxE2O7bTG7GQ== }
        cpu: [ppc64]
        os: [linux]
        requiresBuild: true
        dev: true
        optional: true

    /@rollup/rollup-linux-riscv64-gnu@4.17.2:
        resolution: { integrity: sha512-BOaNfthf3X3fOWAB+IJ9kxTgPmMqPPH5f5k2DcCsRrBIbWnaJCgX2ll77dV1TdSy9SaXTR5iDXRL8n7AnoP5cg== }
        cpu: [riscv64]
        os: [linux]
        requiresBuild: true
        dev: true
        optional: true

    /@rollup/rollup-linux-s390x-gnu@4.17.2:
        resolution: { integrity: sha512-W0UP/x7bnn3xN2eYMql2T/+wpASLE5SjObXILTMPUBDB/Fg/FxC+gX4nvCfPBCbNhz51C+HcqQp2qQ4u25ok6g== }
        cpu: [s390x]
        os: [linux]
        requiresBuild: true
        dev: true
        optional: true

    /@rollup/rollup-linux-x64-gnu@4.17.2:
        resolution: { integrity: sha512-Hy7pLwByUOuyaFC6mAr7m+oMC+V7qyifzs/nW2OJfC8H4hbCzOX07Ov0VFk/zP3kBsELWNFi7rJtgbKYsav9QQ== }
        cpu: [x64]
        os: [linux]
        requiresBuild: true
        dev: true
        optional: true

    /@rollup/rollup-linux-x64-musl@4.17.2:
        resolution: { integrity: sha512-h1+yTWeYbRdAyJ/jMiVw0l6fOOm/0D1vNLui9iPuqgRGnXA0u21gAqOyB5iHjlM9MMfNOm9RHCQ7zLIzT0x11Q== }
        cpu: [x64]
        os: [linux]
        requiresBuild: true
        dev: true
        optional: true

    /@rollup/rollup-win32-arm64-msvc@4.17.2:
        resolution: { integrity: sha512-tmdtXMfKAjy5+IQsVtDiCfqbynAQE/TQRpWdVataHmhMb9DCoJxp9vLcCBjEQWMiUYxO1QprH/HbY9ragCEFLA== }
        cpu: [arm64]
        os: [win32]
        requiresBuild: true
        dev: true
        optional: true

    /@rollup/rollup-win32-ia32-msvc@4.17.2:
        resolution: { integrity: sha512-7II/QCSTAHuE5vdZaQEwJq2ZACkBpQDOmQsE6D6XUbnBHW8IAhm4eTufL6msLJorzrHDFv3CF8oCA/hSIRuZeQ== }
        cpu: [ia32]
        os: [win32]
        requiresBuild: true
        dev: true
        optional: true

    /@rollup/rollup-win32-x64-msvc@4.17.2:
        resolution: { integrity: sha512-TGGO7v7qOq4CYmSBVEYpI1Y5xDuCEnbVC5Vth8mOsW0gDSzxNrVERPc790IGHsrT2dQSimgMr9Ub3Y1Jci5/8w== }
        cpu: [x64]
        os: [win32]
        requiresBuild: true
        dev: true
        optional: true

    /@turf/boolean-point-in-polygon@6.5.0:
        resolution: { integrity: sha512-DtSuVFB26SI+hj0SjrvXowGTUCHlgevPAIsukssW6BG5MlNSBQAo70wpICBNJL6RjukXg8d2eXaAWuD/CqL00A== }
        dependencies:
            "@turf/helpers": 6.5.0
            "@turf/invariant": 6.5.0
        dev: false

    /@turf/helpers@6.5.0:
        resolution: { integrity: sha512-VbI1dV5bLFzohYYdgqwikdMVpe7pJ9X3E+dlr425wa2/sMJqYDhTO++ec38/pcPvPE6oD9WEEeU3Xu3gza+VPw== }
        dev: false

    /@turf/invariant@6.5.0:
        resolution: { integrity: sha512-Wv8PRNCtPD31UVbdJE/KVAWKe7l6US+lJItRR/HOEW3eh+U/JwRCSUl/KZ7bmjM/C+zLNoreM2TU6OoLACs4eg== }
        dependencies:
            "@turf/helpers": 6.5.0
        dev: false

    /@tweenjs/tween.js@23.1.2:
        resolution: { integrity: sha512-kMCNaZCJugWI86xiEHaY338CU5JpD0B97p1j1IKNn/Zto8PgACjQx0UxbHjmOcLl/dDOBnItwD07KmCs75pxtQ== }
        dev: false

    /@types/estree@1.0.5:
        resolution: { integrity: sha512-/kYRxGDLWzHOB7q+wtSUQlFrtcdUccpfy+X+9iMBpHK8QLLhx2wIPYuS5DYtR9Wa/YlZAbIovy7qVdB1Aq6Lyw== }
        dev: true

    /@vitejs/plugin-vue@5.0.4(vite@5.2.11)(vue@3.4.27):
        resolution: { integrity: sha512-WS3hevEszI6CEVEx28F8RjTX97k3KsrcY6kvTg7+Whm5y3oYvcqzVeGCU3hxSAn4uY2CLCkeokkGKpoctccilQ== }
        engines: { node: ^18.0.0 || >=20.0.0 }
        peerDependencies:
            vite: ^5.0.0
            vue: ^3.2.25
        dependencies:
            vite: 5.2.11(sass@1.77.0)
            vue: 3.4.27
        dev: true

    /@vue/compiler-core@3.4.27:
        resolution: { integrity: sha512-E+RyqY24KnyDXsCuQrI+mlcdW3ALND6U7Gqa/+bVwbcpcR3BRRIckFoz7Qyd4TTlnugtwuI7YgjbvsLmxb+yvg== }
        dependencies:
            "@babel/parser": 7.24.5
            "@vue/shared": 3.4.27
            entities: 4.5.0
            estree-walker: 2.0.2
            source-map-js: 1.2.0

    /@vue/compiler-dom@3.4.27:
        resolution: { integrity: sha512-kUTvochG/oVgE1w5ViSr3KUBh9X7CWirebA3bezTbB5ZKBQZwR2Mwj9uoSKRMFcz4gSMzzLXBPD6KpCLb9nvWw== }
        dependencies:
            "@vue/compiler-core": 3.4.27
            "@vue/shared": 3.4.27

    /@vue/compiler-sfc@3.4.27:
        resolution: { integrity: sha512-nDwntUEADssW8e0rrmE0+OrONwmRlegDA1pD6QhVeXxjIytV03yDqTey9SBDiALsvAd5U4ZrEKbMyVXhX6mCGA== }
        dependencies:
            "@babel/parser": 7.24.5
            "@vue/compiler-core": 3.4.27
            "@vue/compiler-dom": 3.4.27
            "@vue/compiler-ssr": 3.4.27
            "@vue/shared": 3.4.27
            estree-walker: 2.0.2
            magic-string: 0.30.10
            postcss: 8.4.38
            source-map-js: 1.2.0

    /@vue/compiler-ssr@3.4.27:
        resolution: { integrity: sha512-CVRzSJIltzMG5FcidsW0jKNQnNRYC8bT21VegyMMtHmhW3UOI7knmUehzswXLrExDLE6lQCZdrhD4ogI7c+vuw== }
        dependencies:
            "@vue/compiler-dom": 3.4.27
            "@vue/shared": 3.4.27

    /@vue/devtools-api@6.6.1:
        resolution: { integrity: sha512-LgPscpE3Vs0x96PzSSB4IGVSZXZBZHpfxs+ZA1d+VEPwHdOXowy/Y2CsvCAIFrf+ssVU1pD1jidj505EpUnfbA== }
        dev: false

    /@vue/reactivity@3.4.27:
        resolution: { integrity: sha512-kK0g4NknW6JX2yySLpsm2jlunZJl2/RJGZ0H9ddHdfBVHcNzxmQ0sS0b09ipmBoQpY8JM2KmUw+a6sO8Zo+zIA== }
        dependencies:
            "@vue/shared": 3.4.27

    /@vue/runtime-core@3.4.27:
        resolution: { integrity: sha512-7aYA9GEbOOdviqVvcuweTLe5Za4qBZkUY7SvET6vE8kyypxVgaT1ixHLg4urtOlrApdgcdgHoTZCUuTGap/5WA== }
        dependencies:
            "@vue/reactivity": 3.4.27
            "@vue/shared": 3.4.27

    /@vue/runtime-dom@3.4.27:
        resolution: { integrity: sha512-ScOmP70/3NPM+TW9hvVAz6VWWtZJqkbdf7w6ySsws+EsqtHvkhxaWLecrTorFxsawelM5Ys9FnDEMt6BPBDS0Q== }
        dependencies:
            "@vue/runtime-core": 3.4.27
            "@vue/shared": 3.4.27
            csstype: 3.1.3

    /@vue/server-renderer@3.4.27(vue@3.4.27):
        resolution: { integrity: sha512-dlAMEuvmeA3rJsOMJ2J1kXU7o7pOxgsNHVr9K8hB3ImIkSuBrIdy0vF66h8gf8Tuinf1TK3mPAz2+2sqyf3KzA== }
        peerDependencies:
            vue: 3.4.27
        dependencies:
            "@vue/compiler-ssr": 3.4.27
            "@vue/shared": 3.4.27
            vue: 3.4.27

    /@vue/shared@3.4.27:
        resolution: { integrity: sha512-DL3NmY2OFlqmYYrzp39yi3LDkKxa5vZVwxWdQ3rG0ekuWscHraeIbnI8t+aZK7qhYqEqWKTUdijadunb9pnrgA== }

    /accessor-fn@1.5.0:
        resolution: { integrity: sha512-dml7D96DY/K5lt4Ra2jMnpL9Bhw5HEGws4p1OAIxFFj9Utd/RxNfEO3T3f0QIWFNwQU7gNxH9snUfqF/zNkP/w== }
        engines: { node: ">=12" }
        dev: false

    /anymatch@3.1.3:
        resolution: { integrity: sha512-KMReFUr0B4t+D+OBkjR3KYqvocp2XaSzO55UcB6mgQMd3KbcE+mWTyvVV7D/zsdEbNnV6acZUutkiHQXvTr1Rw== }
        engines: { node: ">= 8" }
        dependencies:
            normalize-path: 3.0.0
            picomatch: 2.3.1

    /binary-extensions@2.3.0:
        resolution: { integrity: sha512-Ceh+7ox5qe7LJuLHoY0feh3pHuUDHAcRUeyL2VYghZwfpkNIy/+8Ocg0a3UuSoYzavmylwuLWQOf3hl0jjMMIw== }
        engines: { node: ">=8" }

    /braces@3.0.2:
        resolution: { integrity: sha512-b8um+L1RzM3WDSzvhm6gIz1yfTbBt6YTlcEKAvsmqCZZFw46z626lVj9j1yEPW33H5H+lBQpZMP1k8l+78Ha0A== }
        engines: { node: ">=8" }
        dependencies:
            fill-range: 7.0.1

    /chokidar@3.6.0:
        resolution: { integrity: sha512-7VT13fmjotKpGipCW9JEQAusEPE+Ei8nl6/g4FBAmIm0GOOLMua9NDDo/DWp0ZAxCr3cPq5ZpBqmPAQgDda2Pw== }
        engines: { node: ">= 8.10.0" }
        dependencies:
            anymatch: 3.1.3
            braces: 3.0.2
            glob-parent: 5.1.2
            is-binary-path: 2.1.0
            is-glob: 4.0.3
            normalize-path: 3.0.0
            readdirp: 3.6.0
        optionalDependencies:
            fsevents: 2.3.3

    /commander@7.2.0:
        resolution: { integrity: sha512-QrWXB+ZQSVPmIWIhtEO9H+gwHaMGYiF5ChvoJ+K9ZGHG/sVsa6yiesAD1GC/x46sET00Xlwo1u49RVVVzvcSkw== }
        engines: { node: ">= 10" }
        dev: false

    /csstype@3.1.3:
        resolution: { integrity: sha512-M1uQkMl8rQK/szD0LNhtqxIPLpimGm8sOBwU7lLnCpSbTyY3yeU1Vc7l4KT5zT4s/yOxHH5O7tIuuLOCnLADRw== }

    /d3-array@3.2.4:
        resolution: { integrity: sha512-tdQAmyA18i4J7wprpYq8ClcxZy3SC31QMeByyCFyRt7BVHdREQZ5lpzoe5mFEYZUWe+oq8HBvk9JjpibyEV4Jg== }
        engines: { node: ">=12" }
        dependencies:
            internmap: 2.0.3
        dev: false

    /d3-axis@3.0.0:
        resolution: { integrity: sha512-IH5tgjV4jE/GhHkRV0HiVYPDtvfjHQlQfJHs0usq7M30XcSBvOotpmH1IgkcXsO/5gEQZD43B//fc7SRT5S+xw== }
        engines: { node: ">=12" }
        dev: false

    /d3-brush@3.0.0:
        resolution: { integrity: sha512-ALnjWlVYkXsVIGlOsuWH1+3udkYFI48Ljihfnh8FZPF2QS9o+PzGLBslO0PjzVoHLZ2KCVgAM8NVkXPJB2aNnQ== }
        engines: { node: ">=12" }
        dependencies:
            d3-dispatch: 3.0.1
            d3-drag: 3.0.0
            d3-interpolate: 3.0.1
            d3-selection: 3.0.0
            d3-transition: 3.0.1(d3-selection@3.0.0)
        dev: false

    /d3-chord@3.0.1:
        resolution: { integrity: sha512-VE5S6TNa+j8msksl7HwjxMHDM2yNK3XCkusIlpX5kwauBfXuyLAtNg9jCp/iHH61tgI4sb6R/EIMWCqEIdjT/g== }
        engines: { node: ">=12" }
        dependencies:
            d3-path: 3.1.0
        dev: false

    /d3-color@3.1.0:
        resolution: { integrity: sha512-zg/chbXyeBtMQ1LbD/WSoW2DpC3I0mpmPdW+ynRTj/x2DAWYrIY7qeZIHidozwV24m4iavr15lNwIwLxRmOxhA== }
        engines: { node: ">=12" }
        dev: false

    /d3-contour@4.0.2:
        resolution: { integrity: sha512-4EzFTRIikzs47RGmdxbeUvLWtGedDUNkTcmzoeyg4sP/dvCexO47AaQL7VKy/gul85TOxw+IBgA8US2xwbToNA== }
        engines: { node: ">=12" }
        dependencies:
            d3-array: 3.2.4
        dev: false

    /d3-delaunay@6.0.4:
        resolution: { integrity: sha512-mdjtIZ1XLAM8bm/hx3WwjfHt6Sggek7qH043O8KEjDXN40xi3vx/6pYSVTwLjEgiXQTbvaouWKynLBiUZ6SK6A== }
        engines: { node: ">=12" }
        dependencies:
            delaunator: 5.0.1
        dev: false

    /d3-dispatch@3.0.1:
        resolution: { integrity: sha512-rzUyPU/S7rwUflMyLc1ETDeBj0NRuHKKAcvukozwhshr6g6c5d8zh4c2gQjY2bZ0dXeGLWc1PF174P2tVvKhfg== }
        engines: { node: ">=12" }
        dev: false

    /d3-drag@3.0.0:
        resolution: { integrity: sha512-pWbUJLdETVA8lQNJecMxoXfH6x+mO2UQo8rSmZ+QqxcbyA3hfeprFgIT//HW2nlHChWeIIMwS2Fq+gEARkhTkg== }
        engines: { node: ">=12" }
        dependencies:
            d3-dispatch: 3.0.1
            d3-selection: 3.0.0
        dev: false

    /d3-dsv@3.0.1:
        resolution: { integrity: sha512-UG6OvdI5afDIFP9w4G0mNq50dSOsXHJaRE8arAS5o9ApWnIElp8GZw1Dun8vP8OyHOZ/QJUKUJwxiiCCnUwm+Q== }
        engines: { node: ">=12" }
        hasBin: true
        dependencies:
            commander: 7.2.0
            iconv-lite: 0.6.3
            rw: 1.3.3
        dev: false

    /d3-ease@3.0.1:
        resolution: { integrity: sha512-wR/XK3D3XcLIZwpbvQwQ5fK+8Ykds1ip7A2Txe0yxncXSdq1L9skcG7blcedkOX+ZcgxGAmLX1FrRGbADwzi0w== }
        engines: { node: ">=12" }
        dev: false

    /d3-fetch@3.0.1:
        resolution: { integrity: sha512-kpkQIM20n3oLVBKGg6oHrUchHM3xODkTzjMoj7aWQFq5QEM+R6E4WkzT5+tojDY7yjez8KgCBRoj4aEr99Fdqw== }
        engines: { node: ">=12" }
        dependencies:
            d3-dsv: 3.0.1
        dev: false

    /d3-force@3.0.0:
        resolution: { integrity: sha512-zxV/SsA+U4yte8051P4ECydjD/S+qeYtnaIyAs9tgHCqfguma/aAQDjo85A9Z6EKhBirHRJHXIgJUlffT4wdLg== }
        engines: { node: ">=12" }
        dependencies:
            d3-dispatch: 3.0.1
            d3-quadtree: 3.0.1
            d3-timer: 3.0.1
        dev: false

    /d3-format@3.1.0:
        resolution: { integrity: sha512-YyUI6AEuY/Wpt8KWLgZHsIU86atmikuoOmCfommt0LYHiQSPjvX2AcFc38PX0CBpr2RCyZhjex+NS/LPOv6YqA== }
        engines: { node: ">=12" }
        dev: false

    /d3-geo-voronoi@2.0.1:
        resolution: { integrity: sha512-KeBrhSLyN6fdcjGxpmil9I7JNsRQIbp58PybKFnebG1qpbwon5ia43epUpYgjgZZxfrhjb+3up0f6IwkQuPkwg== }
        engines: { node: ">=12" }
        dependencies:
            d3-array: 3.2.4
            d3-delaunay: 6.0.4
            d3-geo: 3.1.1
            d3-tricontour: 1.0.2
        dev: false

    /d3-geo@3.1.1:
        resolution: { integrity: sha512-637ln3gXKXOwhalDzinUgY83KzNWZRKbYubaG+fGVuc/dxO64RRljtCTnf5ecMyE1RIdtqpkVcq0IbtU2S8j2Q== }
        engines: { node: ">=12" }
        dependencies:
            d3-array: 3.2.4
        dev: false

    /d3-hierarchy@3.1.2:
        resolution: { integrity: sha512-FX/9frcub54beBdugHjDCdikxThEqjnR93Qt7PvQTOHxyiNCAlvMrHhclk3cD5VeAaq9fxmfRp+CnWw9rEMBuA== }
        engines: { node: ">=12" }
        dev: false

    /d3-interpolate@3.0.1:
        resolution: { integrity: sha512-3bYs1rOD33uo8aqJfKP3JWPAibgw8Zm2+L9vBKEHJ2Rg+viTR7o5Mmv5mZcieN+FRYaAOWX5SJATX6k1PWz72g== }
        engines: { node: ">=12" }
        dependencies:
            d3-color: 3.1.0
        dev: false

    /d3-path@3.1.0:
        resolution: { integrity: sha512-p3KP5HCf/bvjBSSKuXid6Zqijx7wIfNW+J/maPs+iwR35at5JCbLUT0LzF1cnjbCHWhqzQTIN2Jpe8pRebIEFQ== }
        engines: { node: ">=12" }
        dev: false

    /d3-polygon@3.0.1:
        resolution: { integrity: sha512-3vbA7vXYwfe1SYhED++fPUQlWSYTTGmFmQiany/gdbiWgU/iEyQzyymwL9SkJjFFuCS4902BSzewVGsHHmHtXg== }
        engines: { node: ">=12" }
        dev: false

    /d3-quadtree@3.0.1:
        resolution: { integrity: sha512-04xDrxQTDTCFwP5H6hRhsRcb9xxv2RzkcsygFzmkSIOJy3PeRJP7sNk3VRIbKXcog561P9oU0/rVH6vDROAgUw== }
        engines: { node: ">=12" }
        dev: false

    /d3-random@3.0.1:
        resolution: { integrity: sha512-FXMe9GfxTxqd5D6jFsQ+DJ8BJS4E/fT5mqqdjovykEB2oFbTMDVdg1MGFxfQW+FBOGoB++k8swBrgwSHT1cUXQ== }
        engines: { node: ">=12" }
        dev: false

    /d3-scale-chromatic@3.1.0:
        resolution: { integrity: sha512-A3s5PWiZ9YCXFye1o246KoscMWqf8BsD9eRiJ3He7C9OBaxKhAd5TFCdEx/7VbKtxxTsu//1mMJFrEt572cEyQ== }
        engines: { node: ">=12" }
        dependencies:
            d3-color: 3.1.0
            d3-interpolate: 3.0.1
        dev: false

    /d3-scale@4.0.2:
        resolution: { integrity: sha512-GZW464g1SH7ag3Y7hXjf8RoUuAFIqklOAq3MRl4OaWabTFJY9PN/E1YklhXLh+OQ3fM9yS2nOkCoS+WLZ6kvxQ== }
        engines: { node: ">=12" }
        dependencies:
            d3-array: 3.2.4
            d3-format: 3.1.0
            d3-interpolate: 3.0.1
            d3-time: 3.1.0
            d3-time-format: 4.1.0
        dev: false

    /d3-selection@3.0.0:
        resolution: { integrity: sha512-fmTRWbNMmsmWq6xJV8D19U/gw/bwrHfNXxrIN+HfZgnzqTHp9jOmKMhsTUjXOJnZOdZY9Q28y4yebKzqDKlxlQ== }
        engines: { node: ">=12" }
        dev: false

    /d3-shape@3.2.0:
        resolution: { integrity: sha512-SaLBuwGm3MOViRq2ABk3eLoxwZELpH6zhl3FbAoJ7Vm1gofKx6El1Ib5z23NUEhF9AsGl7y+dzLe5Cw2AArGTA== }
        engines: { node: ">=12" }
        dependencies:
            d3-path: 3.1.0
        dev: false

    /d3-time-format@4.1.0:
        resolution: { integrity: sha512-dJxPBlzC7NugB2PDLwo9Q8JiTR3M3e4/XANkreKSUxF8vvXKqm1Yfq4Q5dl8budlunRVlUUaDUgFt7eA8D6NLg== }
        engines: { node: ">=12" }
        dependencies:
            d3-time: 3.1.0
        dev: false

    /d3-time@3.1.0:
        resolution: { integrity: sha512-VqKjzBLejbSMT4IgbmVgDjpkYrNWUYJnbCGo874u7MMKIWsILRX+OpX/gTk8MqjpT1A/c6HY2dCA77ZN0lkQ2Q== }
        engines: { node: ">=12" }
        dependencies:
            d3-array: 3.2.4
        dev: false

    /d3-timer@3.0.1:
        resolution: { integrity: sha512-ndfJ/JxxMd3nw31uyKoY2naivF+r29V+Lc0svZxe1JvvIRmi8hUsrMvdOwgS1o6uBHmiz91geQ0ylPP0aj1VUA== }
        engines: { node: ">=12" }
        dev: false

    /d3-transition@3.0.1(d3-selection@3.0.0):
        resolution: { integrity: sha512-ApKvfjsSR6tg06xrL434C0WydLr7JewBB3V+/39RMHsaXTOG0zmt/OAXeng5M5LBm0ojmxJrpomQVZ1aPvBL4w== }
        engines: { node: ">=12" }
        peerDependencies:
            d3-selection: 2 - 3
        dependencies:
            d3-color: 3.1.0
            d3-dispatch: 3.0.1
            d3-ease: 3.0.1
            d3-interpolate: 3.0.1
            d3-selection: 3.0.0
            d3-timer: 3.0.1
        dev: false

    /d3-tricontour@1.0.2:
        resolution: { integrity: sha512-HIRxHzHagPtUPNabjOlfcyismJYIsc+Xlq4mlsts4e8eAcwyq9Tgk/sYdyhlBpQ0MHwVquc/8j+e29YjXnmxeA== }
        engines: { node: ">=12" }
        dependencies:
            d3-delaunay: 6.0.4
            d3-scale: 4.0.2
        dev: false

    /d3-zoom@3.0.0:
        resolution: { integrity: sha512-b8AmV3kfQaqWAuacbPuNbL6vahnOJflOhexLzMMNLga62+/nh0JzvJ0aO/5a5MVgUFGS7Hu1P9P03o3fJkDCyw== }
        engines: { node: ">=12" }
        dependencies:
            d3-dispatch: 3.0.1
            d3-drag: 3.0.0
            d3-interpolate: 3.0.1
            d3-selection: 3.0.0
            d3-transition: 3.0.1(d3-selection@3.0.0)
        dev: false

    /d3@7.9.0:
        resolution: { integrity: sha512-e1U46jVP+w7Iut8Jt8ri1YsPOvFpg46k+K8TpCb0P+zjCkjkPnV7WzfDJzMHy1LnA+wj5pLT1wjO901gLXeEhA== }
        engines: { node: ">=12" }
        dependencies:
            d3-array: 3.2.4
            d3-axis: 3.0.0
            d3-brush: 3.0.0
            d3-chord: 3.0.1
            d3-color: 3.1.0
            d3-contour: 4.0.2
            d3-delaunay: 6.0.4
            d3-dispatch: 3.0.1
            d3-drag: 3.0.0
            d3-dsv: 3.0.1
            d3-ease: 3.0.1
            d3-fetch: 3.0.1
            d3-force: 3.0.0
            d3-format: 3.1.0
            d3-geo: 3.1.1
            d3-hierarchy: 3.1.2
            d3-interpolate: 3.0.1
            d3-path: 3.1.0
            d3-polygon: 3.0.1
            d3-quadtree: 3.0.1
            d3-random: 3.0.1
            d3-scale: 4.0.2
            d3-scale-chromatic: 3.1.0
            d3-selection: 3.0.0
            d3-shape: 3.2.0
            d3-time: 3.1.0
            d3-time-format: 4.1.0
            d3-timer: 3.0.1
            d3-transition: 3.0.1(d3-selection@3.0.0)
            d3-zoom: 3.0.0
        dev: false

    /data-joint@1.3.1:
        resolution: { integrity: sha512-tMK0m4OVGqiA3zkn8JmO6YAqD8UwJqIAx4AAwFl1SKTtKAqcXePuT+n2aayiX9uITtlN3DFtKKTOxJRUc2+HvQ== }
        engines: { node: ">=12" }
        dependencies:
            index-array-by: 1.4.1
        dev: false

    /delaunator@5.0.1:
        resolution: { integrity: sha512-8nvh+XBe96aCESrGOqMp/84b13H9cdKbG5P2ejQCh4d4sK9RL4371qou9drQjMhvnPmhWl5hnmqbEE0fXr9Xnw== }
        dependencies:
            robust-predicates: 3.0.2
        dev: false

    /earcut@2.2.4:
        resolution: { integrity: sha512-/pjZsA1b4RPHbeWZQn66SWS8nZZWLQQ23oE3Eam7aroEFGEvwKAsJfZ9ytiEMycfzXWpca4FA9QIOehf7PocBQ== }
        dev: false

    /entities@4.5.0:
        resolution: { integrity: sha512-V0hjH4dGPh9Ao5p0MoRY6BVqtwCjhz6vI5LT8AJ55H+4g9/4vbHx1I54fS0XuclLhDHArPQCiMjDxjaL8fPxhw== }
        engines: { node: ">=0.12" }

    /esbuild@0.20.2:
        resolution: { integrity: sha512-WdOOppmUNU+IbZ0PaDiTst80zjnrOkyJNHoKupIcVyU8Lvla3Ugx94VzkQ32Ijqd7UhHJy75gNWDMUekcrSJ6g== }
        engines: { node: ">=12" }
        hasBin: true
        requiresBuild: true
        optionalDependencies:
            "@esbuild/aix-ppc64": 0.20.2
            "@esbuild/android-arm": 0.20.2
            "@esbuild/android-arm64": 0.20.2
            "@esbuild/android-x64": 0.20.2
            "@esbuild/darwin-arm64": 0.20.2
            "@esbuild/darwin-x64": 0.20.2
            "@esbuild/freebsd-arm64": 0.20.2
            "@esbuild/freebsd-x64": 0.20.2
            "@esbuild/linux-arm": 0.20.2
            "@esbuild/linux-arm64": 0.20.2
            "@esbuild/linux-ia32": 0.20.2
            "@esbuild/linux-loong64": 0.20.2
            "@esbuild/linux-mips64el": 0.20.2
            "@esbuild/linux-ppc64": 0.20.2
            "@esbuild/linux-riscv64": 0.20.2
            "@esbuild/linux-s390x": 0.20.2
            "@esbuild/linux-x64": 0.20.2
            "@esbuild/netbsd-x64": 0.20.2
            "@esbuild/openbsd-x64": 0.20.2
            "@esbuild/sunos-x64": 0.20.2
            "@esbuild/win32-arm64": 0.20.2
            "@esbuild/win32-ia32": 0.20.2
            "@esbuild/win32-x64": 0.20.2
        dev: true

    /estree-walker@2.0.2:
        resolution: { integrity: sha512-Rfkk/Mp/DL7JVje3u18FxFujQlTNR2q6QfMSMB7AvCBx91NGj/ba3kCfza0f6dVDbw7YlRf/nDrn7pQrCCyQ/w== }

    /fill-range@7.0.1:
        resolution: { integrity: sha512-qOo9F+dMUmC2Lcb4BbVvnKJxTPjCm+RRpe4gDuGrzkL7mEVl/djYSu2OdQ2Pa302N4oqkSg9ir6jaLWJ2USVpQ== }
        engines: { node: ">=8" }
        dependencies:
            to-regex-range: 5.0.1

    /focus-trap@7.5.4:
        resolution: { integrity: sha512-N7kHdlgsO/v+iD/dMoJKtsSqs5Dz/dXZVebRgJw23LDk+jMi/974zyiOYDziY2JPp8xivq9BmUGwIJMiuSBi7w== }
        dependencies:
            tabbable: 6.2.0
        dev: false

    /frame-ticker@1.0.3:
        resolution: { integrity: sha512-E0X2u2JIvbEMrqEg5+4BpTqaD22OwojJI63K7MdKHdncjtAhGRbCR8nJCr2vwEt9NWBPCPcu70X9smPviEBy8Q== }
        dependencies:
            simplesignal: 2.1.7
        dev: false

    /fsevents@2.3.3:
        resolution: { integrity: sha512-5xoDfX+fL7faATnagmWPpbFtwh/R77WmMMqqHGS65C3vvB0YHrgF+B1YmZ3441tMj5n63k0212XNoJwzlhffQw== }
        engines: { node: ^8.16.0 || ^10.6.0 || >=11.0.0 }
        os: [darwin]
        requiresBuild: true
        optional: true

    /glob-parent@5.1.2:
        resolution: { integrity: sha512-AOIgSQCepiJYwP3ARnGx+5VnTu2HBYdzbGP45eLw1vr3zB3vZLeyed1sC9hnbcOc9/SrMyM5RPQrkGz4aS9Zow== }
        engines: { node: ">= 6" }
        dependencies:
            is-glob: 4.0.3

    /h3-js@4.1.0:
        resolution: { integrity: sha512-LQhmMl1dRQQjMXPzJc7MpZ/CqPOWWuAvVEoVJM9n/s7vHypj+c3Pd5rLQCkAsOgAoAYKbNCsYFE++LF7MvSfCQ== }
        engines: { node: ">=4", npm: ">=3", yarn: ">=1.3.0" }
        dev: false

    /iconv-lite@0.6.3:
        resolution: { integrity: sha512-4fCk79wshMdzMp2rH06qWrJE4iolqLhCUH+OiuIgU++RB0+94NlDL81atO7GX55uUKueo0txHNtvEyI6D7WdMw== }
        engines: { node: ">=0.10.0" }
        dependencies:
            safer-buffer: 2.1.2
        dev: false

    /immutable@4.3.5:
        resolution: { integrity: sha512-8eabxkth9gZatlwl5TBuJnCsoTADlL6ftEr7A4qgdaTsPyreilDSnUk57SO+jfKcNtxPa22U5KK6DSeAYhpBJw== }

    /index-array-by@1.4.1:
        resolution: { integrity: sha512-Zu6THdrxQdyTuT2uA5FjUoBEsFHPzHcPIj18FszN6yXKHxSfGcR4TPLabfuT//E25q1Igyx9xta2WMvD/x9P/g== }
        engines: { node: ">=12" }
        dev: false

    /internmap@2.0.3:
        resolution: { integrity: sha512-5Hh7Y1wQbvY5ooGgPbDaL5iYLAPzMTUrjMulskHLH6wnv/A+1q5rgEaiuqEjB+oxGXIVZs1FF+R/KPN3ZSQYYg== }
        engines: { node: ">=12" }
        dev: false

    /is-binary-path@2.1.0:
        resolution: { integrity: sha512-ZMERYes6pDydyuGidse7OsHxtbI7WVeUEozgR/g7rd0xUimYNlvZRE/K2MgZTjWy725IfelLeVcEM97mmtRGXw== }
        engines: { node: ">=8" }
        dependencies:
            binary-extensions: 2.3.0

    /is-extglob@2.1.1:
        resolution: { integrity: sha512-SbKbANkN603Vi4jEZv49LeVJMn4yGwsbzZworEoyEiutsN3nJYdbO36zfhGJ6QEDpOZIFkDtnq5JRxmvl3jsoQ== }
        engines: { node: ">=0.10.0" }

    /is-glob@4.0.3:
        resolution: { integrity: sha512-xelSayHH36ZgE7ZWhli7pW34hNbNl8Ojv5KVmkJD4hBdD3th8Tfk9vYasLM+mXWOZhFkgZfxhLSnrwRr4elSSg== }
        engines: { node: ">=0.10.0" }
        dependencies:
            is-extglob: 2.1.1

    /is-number@7.0.0:
        resolution: { integrity: sha512-41Cifkg6e8TylSpdtTpeLVMqvSBEVzTttHvERD741+pnZ8ANv0004MRL43QKPDlK9cGvNp6NZWZUBlbGXYxxng== }
        engines: { node: ">=0.12.0" }

    /kapsule@1.14.5:
        resolution: { integrity: sha512-H0iSpTynUzZw3tgraDmReprpFRmH5oP5GPmaNsurSwLx2H5iCpOMIkp5q+sfhB4Tz/UJd1E1IbEE9Z6ksnJ6RA== }
        engines: { node: ">=12" }
        dependencies:
            lodash-es: 4.17.21
        dev: false

    /lodash-es@4.17.21:
        resolution: { integrity: sha512-mKnC+QJ9pWVzv+C4/U3rRsHapFfHvQFoFB92e52xeyGMcX6/OlIl78je1u8vePzYZSkkogMPJ2yjxxsb89cxyw== }
        dev: false

    /luxon@3.4.4:
        resolution: { integrity: sha512-zobTr7akeGHnv7eBOXcRgMeCP6+uyYsczwmeRCauvpvaAltgNyTbLH/+VaEAPUeWBT+1GuNmz4wC/6jtQzbbVA== }
        engines: { node: ">=12" }
        dev: false

    /magic-string@0.30.10:
        resolution: { integrity: sha512-iIRwTIf0QKV3UAnYK4PU8uiEc4SRh5jX0mwpIwETPpHdhVM4f53RSwS/vXvN1JhGX+Cs7B8qIq3d6AH49O5fAQ== }
        dependencies:
            "@jridgewell/sourcemap-codec": 1.4.15

    /nanoid@3.3.7:
        resolution: { integrity: sha512-eSRppjcPIatRIMC1U6UngP8XFcz8MQWGQdt1MTBQ7NaAmvXDfvNxbvWV3x2y6CdEUciCSsDHDQZbhYaB8QEo2g== }
        engines: { node: ^10 || ^12 || ^13.7 || ^14 || >=15.0.1 }
        hasBin: true

    /neo-async@2.6.2:
        resolution: { integrity: sha512-Yd3UES5mWCSqR+qNT93S3UoYUkqAZ9lLg8a7g9rimsWmYGK8cVToA4/sF3RrshdyV3sAGMXVUmpMYOw+dLpOuw== }
        dev: false

    /normalize-path@3.0.0:
        resolution: { integrity: sha512-6eZs5Ls3WtCisHWp9S2GUy8dqkpGi4BVSz3GaqiE6ezub0512ESztXUwUB6C6IKbQkY2Pnb/mD4WYojCRwcwLA== }
        engines: { node: ">=0.10.0" }

    /picocolors@1.0.0:
        resolution: { integrity: sha512-1fygroTLlHu66zi26VoTDv8yRgm0Fccecssto+MhsZ0D/DGW2sm8E8AjW7NU5VVTRt5GxbeZ5qBuJr+HyLYkjQ== }

    /picomatch@2.3.1:
        resolution: { integrity: sha512-JU3teHTNjmE2VCGFzuY8EXzCDVwEqB2a8fsIvwaStHhAWJEeVd1o1QD80CU6+ZdEXXSLbSsuLwJjkCBWqRQUVA== }
        engines: { node: ">=8.6" }

    /pinia@2.1.7(vue@3.4.27):
        resolution: { integrity: sha512-+C2AHFtcFqjPih0zpYuvof37SFxMQ7OEG2zV9jRI12i9BOy3YQVAHwdKtyyc8pDcDyIc33WCIsZaCFWU7WWxGQ== }
        peerDependencies:
            "@vue/composition-api": ^1.4.0
            typescript: ">=4.4.4"
            vue: ^2.6.14 || ^3.3.0
        peerDependenciesMeta:
            "@vue/composition-api":
                optional: true
            typescript:
                optional: true
        dependencies:
            "@vue/devtools-api": 6.6.1
            vue: 3.4.27
            vue-demi: 0.14.7(vue@3.4.27)
        dev: false

    /postcss@8.4.38:
        resolution: { integrity: sha512-Wglpdk03BSfXkHoQa3b/oulrotAkwrlLDRSOb9D0bN86FdRyE9lppSp33aHNPgBa0JKCoB+drFLZkQoRRYae5A== }
        engines: { node: ^10 || ^12 || >=14 }
        dependencies:
            nanoid: 3.3.7
            picocolors: 1.0.0
            source-map-js: 1.2.0

    /rafor@1.0.2:
        resolution: { integrity: sha512-b8e8/srbSbC0FZTxivEz9pj5z1mQM8CpCEv1aAxuaK26ljSOHJk8AjimcTaHpHIZlwH/VPbli12LuKKrJyyGmA== }
        dev: false

    /readdirp@3.6.0:
        resolution: { integrity: sha512-hOS089on8RduqdbhvQ5Z37A0ESjsqz6qnRcffsMU3495FuTdqSm+7bhJ29JvIOsBDEEnan5DPu9t3To9VRlMzA== }
        engines: { node: ">=8.10.0" }
        dependencies:
            picomatch: 2.3.1

    /robust-predicates@3.0.2:
        resolution: { integrity: sha512-IXgzBWvWQwE6PrDI05OvmXUIruQTcoMDzRsOd5CDvHCVLcLHMTSYvOK5Cm46kWqlV3yAbuSpBZdJ5oP5OUoStg== }
        dev: false

    /rollup@4.17.2:
        resolution: { integrity: sha512-/9ClTJPByC0U4zNLowV1tMBe8yMEAxewtR3cUNX5BoEpGH3dQEWpJLr6CLp0fPdYRF/fzVOgvDb1zXuakwF5kQ== }
        engines: { node: ">=18.0.0", npm: ">=8.0.0" }
        hasBin: true
        dependencies:
            "@types/estree": 1.0.5
        optionalDependencies:
            "@rollup/rollup-android-arm-eabi": 4.17.2
            "@rollup/rollup-android-arm64": 4.17.2
            "@rollup/rollup-darwin-arm64": 4.17.2
            "@rollup/rollup-darwin-x64": 4.17.2
            "@rollup/rollup-linux-arm-gnueabihf": 4.17.2
            "@rollup/rollup-linux-arm-musleabihf": 4.17.2
            "@rollup/rollup-linux-arm64-gnu": 4.17.2
            "@rollup/rollup-linux-arm64-musl": 4.17.2
            "@rollup/rollup-linux-powerpc64le-gnu": 4.17.2
            "@rollup/rollup-linux-riscv64-gnu": 4.17.2
            "@rollup/rollup-linux-s390x-gnu": 4.17.2
            "@rollup/rollup-linux-x64-gnu": 4.17.2
            "@rollup/rollup-linux-x64-musl": 4.17.2
            "@rollup/rollup-win32-arm64-msvc": 4.17.2
            "@rollup/rollup-win32-ia32-msvc": 4.17.2
            "@rollup/rollup-win32-x64-msvc": 4.17.2
            fsevents: 2.3.3
        dev: true

    /rw@1.3.3:
        resolution: { integrity: sha512-PdhdWy89SiZogBLaw42zdeqtRJ//zFd2PgQavcICDUgJT5oW10QCRKbJ6bg4r0/UY2M6BWd5tkxuGFRvCkgfHQ== }
        dev: false

    /safer-buffer@2.1.2:
        resolution: { integrity: sha512-YZo3K82SD7Riyi0E1EQPojLz7kpepnSQI9IyPbHHg1XXXevb5dJI7tpyN2ADxGcQbHG7vcyRHk0cbwqcQriUtg== }
        dev: false

    /sass-loader@14.2.1(sass@1.77.0):
        resolution: { integrity: sha512-G0VcnMYU18a4N7VoNDegg2OuMjYtxnqzQWARVWCIVSZwJeiL9kg8QMsuIZOplsJgTzZLF6jGxI3AClj8I9nRdQ== }
        engines: { node: ">= 18.12.0" }
        peerDependencies:
            "@rspack/core": 0.x || 1.x
            node-sass: ^4.0.0 || ^5.0.0 || ^6.0.0 || ^7.0.0 || ^8.0.0 || ^9.0.0
            sass: ^1.3.0
            sass-embedded: "*"
            webpack: ^5.0.0
        peerDependenciesMeta:
            "@rspack/core":
                optional: true
            node-sass:
                optional: true
            sass:
                optional: true
            sass-embedded:
                optional: true
            webpack:
                optional: true
        dependencies:
            neo-async: 2.6.2
            sass: 1.77.0
        dev: false

    /sass@1.77.0:
        resolution: { integrity: sha512-eGj4HNfXqBWtSnvItNkn7B6icqH14i3CiCGbzMKs3BAPTq62pp9NBYsBgyN4cA+qssqo9r26lW4JSvlaUUWbgw== }
        engines: { node: ">=14.0.0" }
        hasBin: true
        dependencies:
            chokidar: 3.6.0
            immutable: 4.3.5
            source-map-js: 1.2.0

    /simplesignal@2.1.7:
        resolution: { integrity: sha512-PEo2qWpUke7IMhlqiBxrulIFvhJRLkl1ih52Rwa+bPjzhJepcd4GIjn2RiQmFSx3dQvsEAgF0/lXMwMN7vODaA== }
        dev: false

    /source-map-js@1.2.0:
        resolution: { integrity: sha512-itJW8lvSA0TXEphiRoawsCksnlf8SyvmFzIhltqAHluXd88pkCd+cXJVHTDwdCr0IzwptSm035IHQktUu1QUMg== }
        engines: { node: ">=0.10.0" }

    /tabbable@6.2.0:
        resolution: { integrity: sha512-Cat63mxsVJlzYvN51JmVXIgNoUokrIaT2zLclCXjRd8boZ0004U4KCs/sToJ75C6sdlByWxpYnb5Boif1VSFew== }
        dev: false

    /three-conic-polygon-geometry@1.6.3(three@0.164.1):
        resolution: { integrity: sha512-uJhuUBHc5K4IFQ+31qVQboMIlEQ485WWX7+pN4qR2p4ctTO66nlJ2NWrXNn8x2A89Utyf09v+zyBIpWUVe1inQ== }
        engines: { node: ">=12" }
        peerDependencies:
            three: ">=0.72.0"
        dependencies:
            "@turf/boolean-point-in-polygon": 6.5.0
            d3-array: 3.2.4
            d3-geo: 3.1.1
            d3-geo-voronoi: 2.0.1
            d3-scale: 4.0.2
            delaunator: 5.0.1
            earcut: 2.2.4
            three: 0.164.1
        dev: false

    /three-fatline@0.6.2(three@0.164.1):
        resolution: { integrity: sha512-4PnwvGRk0NVKYoo1wGxEwbl9w6ipx//brPvRR0JuP0rap08/SHZeXYSmsRVmf6LW6GcQN3P+W6hoqD5EUvTw5A== }
        engines: { node: ">=12" }
        peerDependencies:
            three: ">=0.84.0"
        dependencies:
            three: 0.164.1
        dev: false

    /three-geojson-geometry@1.3.2(three@0.164.1):
        resolution: { integrity: sha512-eJflV+2KLDrQNHAbEhvXadF355LYat3izE2sD3Qt1L6Sw41LZ7Nwc/FV9T/z1edeZVQxydeYpmWBsYsFzsPEHA== }
        engines: { node: ">=12" }
        peerDependencies:
            three: ">=0.72.0"
        dependencies:
            d3-geo: 3.1.1
            earcut: 2.2.4
            three: 0.164.1
        dev: false

    /three-globe@2.31.0(three@0.164.1):
        resolution: { integrity: sha512-p2pCPaqAoBdjZxS0e+oLbv5d4R5ud6m8wkQENaENToyPX4S5NVnMRXu8zyMP4jnhYbtDqnefeDlKo9wqe4jUug== }
        engines: { node: ">=12" }
        peerDependencies:
            three: ">=0.125"
        dependencies:
            "@tweenjs/tween.js": 23.1.2
            accessor-fn: 1.5.0
            d3-array: 3.2.4
            d3-color: 3.1.0
            d3-geo: 3.1.1
            d3-interpolate: 3.0.1
            d3-scale: 4.0.2
            d3-scale-chromatic: 3.1.0
            data-joint: 1.3.1
            earcut: 2.2.4
            frame-ticker: 1.0.3
            h3-js: 4.1.0
            index-array-by: 1.4.1
            kapsule: 1.14.5
            three: 0.164.1
            three-conic-polygon-geometry: 1.6.3(three@0.164.1)
            three-fatline: 0.6.2(three@0.164.1)
            three-geojson-geometry: 1.3.2(three@0.164.1)
            tinycolor2: 1.6.0
            yaot: 1.1.3
        dev: false

    /three@0.164.1:
        resolution: { integrity: sha512-iC/hUBbl1vzFny7f5GtqzVXYjMJKaTPxiCxXfrvVdBi1Sf+jhd1CAkitiFwC7mIBFCo3MrDLJG97yisoaWig0w== }
        dev: false

    /tinycolor2@1.6.0:
        resolution: { integrity: sha512-XPaBkWQJdsf3pLKJV9p4qN/S+fm2Oj8AIPo1BTUhg5oxkvm9+SVEGFdhyOz7tTdUTfvxMiAs4sp6/eZO2Ew+pw== }
        dev: false

    /to-fast-properties@2.0.0:
        resolution: { integrity: sha512-/OaKK0xYrs3DmxRYqL/yDc+FxFUVYhDlXMhRmv3z915w2HF1tnN1omB354j8VUGO/hbRzyD6Y3sA7v7GS/ceog== }
        engines: { node: ">=4" }

    /to-regex-range@5.0.1:
        resolution: { integrity: sha512-65P7iz6X5yEr1cwcgvQxbbIw7Uk3gOy5dIdtZ4rDveLqhrdJP+Li/Hx6tyK0NEb+2GCyneCMJiGqrADCSNk8sQ== }
        engines: { node: ">=8.0" }
        dependencies:
            is-number: 7.0.0

    /uuid@9.0.1:
        resolution: { integrity: sha512-b+1eJOlsR9K8HJpow9Ok3fiWOWSIcIzXodvv0rQjVoOVNpWMpxf1wZNpt4y9h10odCNrqnYp1OBzRktckBe3sA== }
        hasBin: true
        dev: false

    /vite@5.2.11(sass@1.77.0):
        resolution: { integrity: sha512-HndV31LWW05i1BLPMUCE1B9E9GFbOu1MbenhS58FuK6owSO5qHm7GiCotrNY1YE5rMeQSFBGmT5ZaLEjFizgiQ== }
        engines: { node: ^18.0.0 || >=20.0.0 }
        hasBin: true
        peerDependencies:
            "@types/node": ^18.0.0 || >=20.0.0
            less: "*"
            lightningcss: ^1.21.0
            sass: "*"
            stylus: "*"
            sugarss: "*"
            terser: ^5.4.0
        peerDependenciesMeta:
            "@types/node":
                optional: true
            less:
                optional: true
            lightningcss:
                optional: true
            sass:
                optional: true
            stylus:
                optional: true
            sugarss:
                optional: true
            terser:
                optional: true
        dependencies:
            esbuild: 0.20.2
            postcss: 8.4.38
            rollup: 4.17.2
            sass: 1.77.0
        optionalDependencies:
            fsevents: 2.3.3
        dev: true

    /vue-demi@0.14.7(vue@3.4.27):
        resolution: { integrity: sha512-EOG8KXDQNwkJILkx/gPcoL/7vH+hORoBaKgGe+6W7VFMvCYJfmF2dGbvgDroVnI8LU7/kTu8mbjRZGBU1z9NTA== }
        engines: { node: ">=12" }
        hasBin: true
        requiresBuild: true
        peerDependencies:
            "@vue/composition-api": ^1.0.0-rc.1
            vue: ^3.0.0-0 || ^2.6.0
        peerDependenciesMeta:
            "@vue/composition-api":
                optional: true
        dependencies:
            vue: 3.4.27
        dev: false

    /vue-router@4.3.2(vue@3.4.27):
        resolution: { integrity: sha512-hKQJ1vDAZ5LVkKEnHhmm1f9pMiWIBNGF5AwU67PdH7TyXCj/a4hTccuUuYCAMgJK6rO/NVYtQIEN3yL8CECa7Q== }
        peerDependencies:
            vue: ^3.2.0
        dependencies:
            "@vue/devtools-api": 6.6.1
            vue: 3.4.27
        dev: false

    /vue@3.4.27:
        resolution: { integrity: sha512-8s/56uK6r01r1icG/aEOHqyMVxd1bkYcSe9j8HcKtr/xTOFWvnzIVTehNW+5Yt89f+DLBe4A569pnZLS5HzAMA== }
        peerDependencies:
            typescript: "*"
        peerDependenciesMeta:
            typescript:
                optional: true
        dependencies:
            "@vue/compiler-dom": 3.4.27
            "@vue/compiler-sfc": 3.4.27
            "@vue/runtime-dom": 3.4.27
            "@vue/server-renderer": 3.4.27(vue@3.4.27)
            "@vue/shared": 3.4.27

    /yaot@1.1.3:
        resolution: { integrity: sha512-AE8LInj21hTuA01RUK+9pSsl0ltQXO+rxn4Q+CJT4+NI/X7dhGGblF7vvzGj6ro0qXRCGAE/7ccEfu6S4DJayw== }
        dependencies:
            rafor: 1.0.2
        dev: false
